
Microsoft Visual Studio Solution File, Format Version 12.00
# Visual Studio 15
VisualStudioVersion = 15.0.28307.271
MinimumVisualStudioVersion = 10.0.40219.1
Project("{FAE04EC0-301F-11D3-BF4B-00C04F79EFBC}") = "CoffeeShopApp", "CoffeeShopApp\CoffeeShopApp.csproj", "{D9E7C43F-31BA-4831-BEC2-16923339EF8A}"
EndProject
Global
	GlobalSection(SolutionConfigurationPlatforms) = preSolution
		Debug|Any CPU = Debug|Any CPU
		Release|Any CPU = Release|Any CPU
	EndGlobalSection
	GlobalSection(ProjectConfigurationPlatforms) = postSolution
		{D9E7C43F-31BA-4831-BEC2-16923339EF8A}.Debug|Any CPU.ActiveCfg = Debug|Any CPU
		{D9E7C43F-31BA-4831-BEC2-16923339EF8A}.Debug|Any CPU.Build.0 = Debug|Any CPU
		{D9E7C43F-31BA-4831-BEC2-16923339EF8A}.Release|Any CPU.ActiveCfg = Release|Any CPU
		{D9E7C43F-31BA-4831-BEC2-16923339EF8A}.Release|Any CPU.Build.0 = Release|Any CPU
	EndGlobalSection
	GlobalSection(SolutionProperties) = preSolution
		HideSolutionNode = FALSE
	EndGlobalSection
	GlobalSection(ExtensibilityGlobals) = postSolution
		SolutionGuid = {94490670-712E-4E39-9C16-18EB9BEE490B}
	EndGlobalSection
EndGlobal
